// !$*UTF8*$!
{
	archiveVersion = 1;
	classes = {
	};
	objectVersion = 46;
	objects = {

/* Begin PBXBuildFile section */
		2E0B1E6B193F78A5003754D7 /* AddStudentViewController.m in Sources */ = {isa = PBXBuildFile; fileRef = 2E0B1E6A193F78A5003754D7 /* AddStudentViewController.m */; };
		477BFAF2193FB67F0086E8CA /* Grade.m in Sources */ = {isa = PBXBuildFile; fileRef = 477BFAF1193FB67F0086E8CA /* Grade.m */; };
		477EB3A51940998900E7945A /* Persist.m in Sources */ = {isa = PBXBuildFile; fileRef = 477EB3A41940998900E7945A /* Persist.m */; };
		47D92FFB193F769E004DBD85 /* Student.m in Sources */ = {isa = PBXBuildFile; fileRef = 47D92FFA193F769E004DBD85 /* Student.m */; };
		47D92FFE193F77E4004DBD85 /* Assignment.m in Sources */ = {isa = PBXBuildFile; fileRef = 47D92FFD193F77E4004DBD85 /* Assignment.m */; };
		47D93001193F795B004DBD85 /* Course.m in Sources */ = {isa = PBXBuildFile; fileRef = 47D93000193F795A004DBD85 /* Course.m */; };
		58165A76193F9AE300B7DF10 /* studentTableCell.m in Sources */ = {isa = PBXBuildFile; fileRef = 58165A75193F9AE300B7DF10 /* studentTableCell.m */; };
		58B3AC81193EA6660015AA9F /* Foundation.framework in Frameworks */ = {isa = PBXBuildFile; fileRef = 58B3AC80193EA6660015AA9F /* Foundation.framework */; };
		58B3AC83193EA6660015AA9F /* CoreGraphics.framework in Frameworks */ = {isa = PBXBuildFile; fileRef = 58B3AC82193EA6660015AA9F /* CoreGraphics.framework */; };
		58B3AC85193EA6660015AA9F /* UIKit.framework in Frameworks */ = {isa = PBXBuildFile; fileRef = 58B3AC84193EA6660015AA9F /* UIKit.framework */; };
		58B3AC8B193EA6660015AA9F /* InfoPlist.strings in Resources */ = {isa = PBXBuildFile; fileRef = 58B3AC89193EA6660015AA9F /* InfoPlist.strings */; };
		58B3AC8D193EA6660015AA9F /* main.m in Sources */ = {isa = PBXBuildFile; fileRef = 58B3AC8C193EA6660015AA9F /* main.m */; };
		58B3AC91193EA6660015AA9F /* AppDelegate.m in Sources */ = {isa = PBXBuildFile; fileRef = 58B3AC90193EA6660015AA9F /* AppDelegate.m */; };
		58B3AC94193EA6660015AA9F /* Main.storyboard in Resources */ = {isa = PBXBuildFile; fileRef = 58B3AC92193EA6660015AA9F /* Main.storyboard */; };
		58B3AC97193EA6660015AA9F /* ViewController.m in Sources */ = {isa = PBXBuildFile; fileRef = 58B3AC96193EA6660015AA9F /* ViewController.m */; };
		58B3AC99193EA6660015AA9F /* Images.xcassets in Resources */ = {isa = PBXBuildFile; fileRef = 58B3AC98193EA6660015AA9F /* Images.xcassets */; };
		58B3ACA0193EA6660015AA9F /* XCTest.framework in Frameworks */ = {isa = PBXBuildFile; fileRef = 58B3AC9F193EA6660015AA9F /* XCTest.framework */; };
		58B3ACA1193EA6660015AA9F /* Foundation.framework in Frameworks */ = {isa = PBXBuildFile; fileRef = 58B3AC80193EA6660015AA9F /* Foundation.framework */; };
		58B3ACA2193EA6660015AA9F /* UIKit.framework in Frameworks */ = {isa = PBXBuildFile; fileRef = 58B3AC84193EA6660015AA9F /* UIKit.framework */; };
		58B3ACAA193EA6660015AA9F /* InfoPlist.strings in Resources */ = {isa = PBXBuildFile; fileRef = 58B3ACA8193EA6660015AA9F /* InfoPlist.strings */; };
		58B3ACAC193EA6660015AA9F /* TeacherTests.m in Sources */ = {isa = PBXBuildFile; fileRef = 58B3ACAB193EA6660015AA9F /* TeacherTests.m */; };
/* End PBXBuildFile section */

/* Begin PBXContainerItemProxy section */
		58B3ACA3193EA6660015AA9F /* PBXContainerItemProxy */ = {
			isa = PBXContainerItemProxy;
			containerPortal = 58B3AC75193EA6660015AA9F /* Project object */;
			proxyType = 1;
			remoteGlobalIDString = 58B3AC7C193EA6660015AA9F;
			remoteInfo = Teacher;
		};
/* End PBXContainerItemProxy section */

/* Begin PBXFileReference section */
		2E0B1E69193F78A5003754D7 /* AddStudentViewController.h */ = {isa = PBXFileReference; fileEncoding = 4; lastKnownFileType = sourcecode.c.h; path = AddStudentViewController.h; sourceTree = "<group>"; };
		2E0B1E6A193F78A5003754D7 /* AddStudentViewController.m */ = {isa = PBXFileReference; fileEncoding = 4; lastKnownFileType = sourcecode.c.objc; path = AddStudentViewController.m; sourceTree = "<group>"; };
		477BFAF0193FB67F0086E8CA /* Grade.h */ = {isa = PBXFileReference; fileEncoding = 4; lastKnownFileType = sourcecode.c.h; path = Grade.h; sourceTree = "<group>"; };
		477BFAF1193FB67F0086E8CA /* Grade.m */ = {isa = PBXFileReference; fileEncoding = 4; lastKnownFileType = sourcecode.c.objc; path = Grade.m; sourceTree = "<group>"; };
		477EB3A31940998900E7945A /* Persist.h */ = {isa = PBXFileReference; fileEncoding = 4; lastKnownFileType = sourcecode.c.h; path = Persist.h; sourceTree = "<group>"; };
		477EB3A41940998900E7945A /* Persist.m */ = {isa = PBXFileReference; fileEncoding = 4; lastKnownFileType = sourcecode.c.objc; path = Persist.m; sourceTree = "<group>"; };
		47D92FF9193F769E004DBD85 /* Student.h */ = {isa = PBXFileReference; fileEncoding = 4; lastKnownFileType = sourcecode.c.h; path = Student.h; sourceTree = "<group>"; };
		47D92FFA193F769E004DBD85 /* Student.m */ = {isa = PBXFileReference; fileEncoding = 4; lastKnownFileType = sourcecode.c.objc; path = Student.m; sourceTree = "<group>"; };
		47D92FFC193F77E4004DBD85 /* Assignment.h */ = {isa = PBXFileReference; fileEncoding = 4; lastKnownFileType = sourcecode.c.h; path = Assignment.h; sourceTree = "<group>"; };
		47D92FFD193F77E4004DBD85 /* Assignment.m */ = {isa = PBXFileReference; fileEncoding = 4; lastKnownFileType = sourcecode.c.objc; path = Assignment.m; sourceTree = "<group>"; };
		47D92FFF193F795A004DBD85 /* Course.h */ = {isa = PBXFileReference; fileEncoding = 4; lastKnownFileType = sourcecode.c.h; path = Course.h; sourceTree = "<group>"; };
		47D93000193F795A004DBD85 /* Course.m */ = {isa = PBXFileReference; fileEncoding = 4; lastKnownFileType = sourcecode.c.objc; path = Course.m; sourceTree = "<group>"; };
		58165A74193F9AE300B7DF10 /* studentTableCell.h */ = {isa = PBXFileReference; fileEncoding = 4; lastKnownFileType = sourcecode.c.h; path = studentTableCell.h; sourceTree = "<group>"; };
		58165A75193F9AE300B7DF10 /* studentTableCell.m */ = {isa = PBXFileReference; fileEncoding = 4; lastKnownFileType = sourcecode.c.objc; path = studentTableCell.m; sourceTree = "<group>"; };
		58B3AC7D193EA6660015AA9F /* Teacher.app */ = {isa = PBXFileReference; explicitFileType = wrapper.application; includeInIndex = 0; path = Teacher.app; sourceTree = BUILT_PRODUCTS_DIR; };
		58B3AC80193EA6660015AA9F /* Foundation.framework */ = {isa = PBXFileReference; lastKnownFileType = wrapper.framework; name = Foundation.framework; path = System/Library/Frameworks/Foundation.framework; sourceTree = SDKROOT; };
		58B3AC82193EA6660015AA9F /* CoreGraphics.framework */ = {isa = PBXFileReference; lastKnownFileType = wrapper.framework; name = CoreGraphics.framework; path = System/Library/Frameworks/CoreGraphics.framework; sourceTree = SDKROOT; };
		58B3AC84193EA6660015AA9F /* UIKit.framework */ = {isa = PBXFileReference; lastKnownFileType = wrapper.framework; name = UIKit.framework; path = System/Library/Frameworks/UIKit.framework; sourceTree = SDKROOT; };
		58B3AC88193EA6660015AA9F /* Teacher-Info.plist */ = {isa = PBXFileReference; lastKnownFileType = text.plist.xml; path = "Teacher-Info.plist"; sourceTree = "<group>"; };
		58B3AC8A193EA6660015AA9F /* en */ = {isa = PBXFileReference; lastKnownFileType = text.plist.strings; name = en; path = en.lproj/InfoPlist.strings; sourceTree = "<group>"; };
		58B3AC8C193EA6660015AA9F /* main.m */ = {isa = PBXFileReference; lastKnownFileType = sourcecode.c.objc; path = main.m; sourceTree = "<group>"; };
		58B3AC8E193EA6660015AA9F /* Teacher-Prefix.pch */ = {isa = PBXFileReference; lastKnownFileType = sourcecode.c.h; path = "Teacher-Prefix.pch"; sourceTree = "<group>"; };
		58B3AC8F193EA6660015AA9F /* AppDelegate.h */ = {isa = PBXFileReference; lastKnownFileType = sourcecode.c.h; path = AppDelegate.h; sourceTree = "<group>"; };
		58B3AC90193EA6660015AA9F /* AppDelegate.m */ = {isa = PBXFileReference; lastKnownFileType = sourcecode.c.objc; path = AppDelegate.m; sourceTree = "<group>"; };
		58B3AC93193EA6660015AA9F /* Base */ = {isa = PBXFileReference; lastKnownFileType = file.storyboard; name = Base; path = Base.lproj/Main.storyboard; sourceTree = "<group>"; };
		58B3AC95193EA6660015AA9F /* ViewController.h */ = {isa = PBXFileReference; lastKnownFileType = sourcecode.c.h; path = ViewController.h; sourceTree = "<group>"; };
		58B3AC96193EA6660015AA9F /* ViewController.m */ = {isa = PBXFileReference; lastKnownFileType = sourcecode.c.objc; path = ViewController.m; sourceTree = "<group>"; };
		58B3AC98193EA6660015AA9F /* Images.xcassets */ = {isa = PBXFileReference; lastKnownFileType = folder.assetcatalog; path = Images.xcassets; sourceTree = "<group>"; };
		58B3AC9E193EA6660015AA9F /* TeacherTests.xctest */ = {isa = PBXFileReference; explicitFileType = wrapper.cfbundle; includeInIndex = 0; path = TeacherTests.xctest; sourceTree = BUILT_PRODUCTS_DIR; };
		58B3AC9F193EA6660015AA9F /* XCTest.framework */ = {isa = PBXFileReference; lastKnownFileType = wrapper.framework; name = XCTest.framework; path = Library/Frameworks/XCTest.framework; sourceTree = DEVELOPER_DIR; };
		58B3ACA7193EA6660015AA9F /* TeacherTests-Info.plist */ = {isa = PBXFileReference; lastKnownFileType = text.plist.xml; path = "TeacherTests-Info.plist"; sourceTree = "<group>"; };
		58B3ACA9193EA6660015AA9F /* en */ = {isa = PBXFileReference; lastKnownFileType = text.plist.strings; name = en; path = en.lproj/InfoPlist.strings; sourceTree = "<group>"; };
		58B3ACAB193EA6660015AA9F /* TeacherTests.m */ = {isa = PBXFileReference; lastKnownFileType = sourcecode.c.objc; path = TeacherTests.m; sourceTree = "<group>"; };
/* End PBXFileReference section */

/* Begin PBXFrameworksBuildPhase section */
		58B3AC7A193EA6660015AA9F /* Frameworks */ = {
			isa = PBXFrameworksBuildPhase;
			buildActionMask = 2147483647;
			files = (
				58B3AC83193EA6660015AA9F /* CoreGraphics.framework in Frameworks */,
				58B3AC85193EA6660015AA9F /* UIKit.framework in Frameworks */,
				58B3AC81193EA6660015AA9F /* Foundation.framework in Frameworks */,
			);
			runOnlyForDeploymentPostprocessing = 0;
		};
		58B3AC9B193EA6660015AA9F /* Frameworks */ = {
			isa = PBXFrameworksBuildPhase;
			buildActionMask = 2147483647;
			files = (
				58B3ACA0193EA6660015AA9F /* XCTest.framework in Frameworks */,
				58B3ACA2193EA6660015AA9F /* UIKit.framework in Frameworks */,
				58B3ACA1193EA6660015AA9F /* Foundation.framework in Frameworks */,
			);
			runOnlyForDeploymentPostprocessing = 0;
		};
/* End PBXFrameworksBuildPhase section */

/* Begin PBXGroup section */
		58B3AC74193EA6660015AA9F = {
			isa = PBXGroup;
			children = (
				58B3AC86193EA6660015AA9F /* Teacher */,
				58B3ACA5193EA6660015AA9F /* TeacherTests */,
				58B3AC7F193EA6660015AA9F /* Frameworks */,
				58B3AC7E193EA6660015AA9F /* Products */,
			);
			sourceTree = "<group>";
		};
		58B3AC7E193EA6660015AA9F /* Products */ = {
			isa = PBXGroup;
			children = (
				58B3AC7D193EA6660015AA9F /* Teacher.app */,
				58B3AC9E193EA6660015AA9F /* TeacherTests.xctest */,
			);
			name = Products;
			sourceTree = "<group>";
		};
		58B3AC7F193EA6660015AA9F /* Frameworks */ = {
			isa = PBXGroup;
			children = (
				58B3AC80193EA6660015AA9F /* Foundation.framework */,
				58B3AC82193EA6660015AA9F /* CoreGraphics.framework */,
				58B3AC84193EA6660015AA9F /* UIKit.framework */,
				58B3AC9F193EA6660015AA9F /* XCTest.framework */,
			);
			name = Frameworks;
			sourceTree = "<group>";
		};
		58B3AC86193EA6660015AA9F /* Teacher */ = {
			isa = PBXGroup;
			children = (
				477EB3A31940998900E7945A /* Persist.h */,
				477EB3A41940998900E7945A /* Persist.m */,
				58B3AC8F193EA6660015AA9F /* AppDelegate.h */,
				58B3AC90193EA6660015AA9F /* AppDelegate.m */,
				58B3AC92193EA6660015AA9F /* Main.storyboard */,
				58165A74193F9AE300B7DF10 /* studentTableCell.h */,
				58165A75193F9AE300B7DF10 /* studentTableCell.m */,
				58B3AC95193EA6660015AA9F /* ViewController.h */,
				58B3AC96193EA6660015AA9F /* ViewController.m */,
				2E0B1E69193F78A5003754D7 /* AddStudentViewController.h */,
				2E0B1E6A193F78A5003754D7 /* AddStudentViewController.m */,
				58B3AC98193EA6660015AA9F /* Images.xcassets */,
				58B3AC87193EA6660015AA9F /* Supporting Files */,
				47D92FF9193F769E004DBD85 /* Student.h */,
				47D92FFA193F769E004DBD85 /* Student.m */,
				47D92FFC193F77E4004DBD85 /* Assignment.h */,
				47D92FFD193F77E4004DBD85 /* Assignment.m */,
				47D92FFF193F795A004DBD85 /* Course.h */,
				47D93000193F795A004DBD85 /* Course.m */,
				477BFAF0193FB67F0086E8CA /* Grade.h */,
				477BFAF1193FB67F0086E8CA /* Grade.m */,
			);
			path = Teacher;
			sourceTree = "<group>";
		};
		58B3AC87193EA6660015AA9F /* Supporting Files */ = {
			isa = PBXGroup;
			children = (
				58B3AC88193EA6660015AA9F /* Teacher-Info.plist */,
				58B3AC89193EA6660015AA9F /* InfoPlist.strings */,
				58B3AC8C193EA6660015AA9F /* main.m */,
				58B3AC8E193EA6660015AA9F /* Teacher-Prefix.pch */,
			);
			name = "Supporting Files";
			sourceTree = "<group>";
		};
		58B3ACA5193EA6660015AA9F /* TeacherTests */ = {
			isa = PBXGroup;
			children = (
				58B3ACAB193EA6660015AA9F /* TeacherTests.m */,
				58B3ACA6193EA6660015AA9F /* Supporting Files */,
			);
			path = TeacherTests;
			sourceTree = "<group>";
		};
		58B3ACA6193EA6660015AA9F /* Supporting Files */ = {
			isa = PBXGroup;
			children = (
				58B3ACA7193EA6660015AA9F /* TeacherTests-Info.plist */,
				58B3ACA8193EA6660015AA9F /* InfoPlist.strings */,
			);
			name = "Supporting Files";
			sourceTree = "<group>";
		};
/* End PBXGroup section */

/* Begin PBXNativeTarget section */
		58B3AC7C193EA6660015AA9F /* Teacher */ = {
			isa = PBXNativeTarget;
			buildConfigurationList = 58B3ACAF193EA6660015AA9F /* Build configuration list for PBXNativeTarget "Teacher" */;
			buildPhases = (
				58B3AC79193EA6660015AA9F /* Sources */,
				58B3AC7A193EA6660015AA9F /* Frameworks */,
				58B3AC7B193EA6660015AA9F /* Resources */,
			);
			buildRules = (
			);
			dependencies = (
			);
			name = Teacher;
			productName = Teacher;
			productReference = 58B3AC7D193EA6660015AA9F /* Teacher.app */;
			productType = "com.apple.product-type.application";
		};
		58B3AC9D193EA6660015AA9F /* TeacherTests */ = {
			isa = PBXNativeTarget;
			buildConfigurationList = 58B3ACB2193EA6660015AA9F /* Build configuration list for PBXNativeTarget "TeacherTests" */;
			buildPhases = (
				58B3AC9A193EA6660015AA9F /* Sources */,
				58B3AC9B193EA6660015AA9F /* Frameworks */,
				58B3AC9C193EA6660015AA9F /* Resources */,
			);
			buildRules = (
			);
			dependencies = (
				58B3ACA4193EA6660015AA9F /* PBXTargetDependency */,
			);
			name = TeacherTests;
			productName = TeacherTests;
			productReference = 58B3AC9E193EA6660015AA9F /* TeacherTests.xctest */;
			productType = "com.apple.product-type.bundle.unit-test";
		};
/* End PBXNativeTarget section */

/* Begin PBXProject section */
		58B3AC75193EA6660015AA9F /* Project object */ = {
			isa = PBXProject;
			attributes = {
				LastUpgradeCheck = 0500;
				ORGANIZATIONNAME = PHMobileMakers;
				TargetAttributes = {
					58B3AC9D193EA6660015AA9F = {
						TestTargetID = 58B3AC7C193EA6660015AA9F;
					};
				};
			};
			buildConfigurationList = 58B3AC78193EA6660015AA9F /* Build configuration list for PBXProject "Teacher" */;
			compatibilityVersion = "Xcode 3.2";
			developmentRegion = English;
			hasScannedForEncodings = 0;
			knownRegions = (
				en,
				Base,
			);
			mainGroup = 58B3AC74193EA6660015AA9F;
			productRefGroup = 58B3AC7E193EA6660015AA9F /* Products */;
			projectDirPath = "";
			projectRoot = "";
			targets = (
				58B3AC7C193EA6660015AA9F /* Teacher */,
				58B3AC9D193EA6660015AA9F /* TeacherTests */,
			);
		};
/* End PBXProject section */

/* Begin PBXResourcesBuildPhase section */
		58B3AC7B193EA6660015AA9F /* Resources */ = {
			isa = PBXResourcesBuildPhase;
			buildActionMask = 2147483647;
			files = (
				58B3AC99193EA6660015AA9F /* Images.xcassets in Resources */,
				58B3AC8B193EA6660015AA9F /* InfoPlist.strings in Resources */,
				58B3AC94193EA6660015AA9F /* Main.storyboard in Resources */,
			);
			runOnlyForDeploymentPostprocessing = 0;
		};
		58B3AC9C193EA6660015AA9F /* Resources */ = {
			isa = PBXResourcesBuildPhase;
			buildActionMask = 2147483647;
			files = (
				58B3ACAA193EA6660015AA9F /* InfoPlist.strings in Resources */,
			);
			runOnlyForDeploymentPostprocessing = 0;
		};
/* End PBXResourcesBuildPhase section */

/* Begin PBXSourcesBuildPhase section */
		58B3AC79193EA6660015AA9F /* Sources */ = {
			isa = PBXSourcesBuildPhase;
			buildActionMask = 2147483647;
			files = (
				2E0B1E6B193F78A5003754D7 /* AddStudentViewController.m in Sources */,
				58B3AC97193EA6660015AA9F /* ViewController.m in Sources */,
				58B3AC91193EA6660015AA9F /* AppDelegate.m in Sources */,
				58B3AC8D193EA6660015AA9F /* main.m in Sources */,
				58165A76193F9AE300B7DF10 /* studentTableCell.m in Sources */,
				47D92FFE193F77E4004DBD85 /* Assignment.m in Sources */,
				477EB3A51940998900E7945A /* Persist.m in Sources */,
				477BFAF2193FB67F0086E8CA /* Grade.m in Sources */,
				47D93001193F795B004DBD85 /* Course.m in Sources */,
				47D92FFB193F769E004DBD85 /* Student.m in Sources */,
			);
			runOnlyForDeploymentPostprocessing = 0;
		};
		58B3AC9A193EA6660015AA9F /* Sources */ = {
			isa = PBXSourcesBuildPhase;
			buildActionMask = 2147483647;
			files = (
				58B3ACAC193EA6660015AA9F /* TeacherTests.m in Sources */,
			);
			runOnlyForDeploymentPostprocessing = 0;
		};
/* End PBXSourcesBuildPhase section */

/* Begin PBXTargetDependency section */
		58B3ACA4193EA6660015AA9F /* PBXTargetDependency */ = {
			isa = PBXTargetDependency;
			target = 58B3AC7C193EA6660015AA9F /* Teacher */;
			targetProxy = 58B3ACA3193EA6660015AA9F /* PBXContainerItemProxy */;
		};
/* End PBXTargetDependency section */

/* Begin PBXVariantGroup section */
		58B3AC89193EA6660015AA9F /* InfoPlist.strings */ = {
			isa = PBXVariantGroup;
			children = (
				58B3AC8A193EA6660015AA9F /* en */,
			);
			name = InfoPlist.strings;
			sourceTree = "<group>";
		};
		58B3AC92193EA6660015AA9F /* Main.storyboard */ = {
			isa = PBXVariantGroup;
			children = (
				58B3AC93193EA6660015AA9F /* Base */,
			);
			name = Main.storyboard;
			sourceTree = "<group>";
		};
		58B3ACA8193EA6660015AA9F /* InfoPlist.strings */ = {
			isa = PBXVariantGroup;
			children = (
				58B3ACA9193EA6660015AA9F /* en */,
			);
			name = InfoPlist.strings;
			sourceTree = "<group>";
		};
/* End PBXVariantGroup section */

/* Begin XCBuildConfiguration section */
		58B3ACAD193EA6660015AA9F /* Debug */ = {
			isa = XCBuildConfiguration;
			buildSettings = {
				ALWAYS_SEARCH_USER_PATHS = NO;
				ARCHS = "$(ARCHS_STANDARD_INCLUDING_64_BIT)";
				CLANG_CXX_LANGUAGE_STANDARD = "gnu++0x";
				CLANG_CXX_LIBRARY = "libc++";
				CLANG_ENABLE_MODULES = YES;
				CLANG_ENABLE_OBJC_ARC = YES;
				CLANG_WARN_BOOL_CONVERSION = YES;
				CLANG_WARN_CONSTANT_CONVERSION = YES;
				CLANG_WARN_DIRECT_OBJC_ISA_USAGE = YES_ERROR;
				CLANG_WARN_EMPTY_BODY = YES;
				CLANG_WARN_ENUM_CONVERSION = YES;
				CLANG_WARN_INT_CONVERSION = YES;
				CLANG_WARN_OBJC_ROOT_CLASS = YES_ERROR;
				CLANG_WARN__DUPLICATE_METHOD_MATCH = YES;
				"CODE_SIGN_IDENTITY[sdk=iphoneos*]" = "iPhone Developer";
				COPY_PHASE_STRIP = NO;
				GCC_C_LANGUAGE_STANDARD = gnu99;
				GCC_DYNAMIC_NO_PIC = NO;
				GCC_OPTIMIZATION_LEVEL = 0;
				GCC_PREPROCESSOR_DEFINITIONS = (
					"DEBUG=1",
					"$(inherited)",
				);
				GCC_SYMBOLS_PRIVATE_EXTERN = NO;
				GCC_WARN_64_TO_32_BIT_CONVERSION = YES;
				GCC_WARN_ABOUT_RETURN_TYPE = YES_ERROR;
				GCC_WARN_UNDECLARED_SELECTOR = YES;
				GCC_WARN_UNINITIALIZED_AUTOS = YES;
				GCC_WARN_UNUSED_FUNCTION = YES;
				GCC_WARN_UNUSED_VARIABLE = YES;
				IPHONEOS_DEPLOYMENT_TARGET = 7.0;
				ONLY_ACTIVE_ARCH = YES;
				SDKROOT = iphoneos;
			};
			name = Debug;
		};
		58B3ACAE193EA6660015AA9F /* Release */ = {
			isa = XCBuildConfiguration;
			buildSettings = {
				ALWAYS_SEARCH_USER_PATHS = NO;
				ARCHS = "$(ARCHS_STANDARD_INCLUDING_64_BIT)";
				CLANG_CXX_LANGUAGE_STANDARD = "gnu++0x";
				CLANG_CXX_LIBRARY = "libc++";
				CLANG_ENABLE_MODULES = YES;
				CLANG_ENABLE_OBJC_ARC = YES;
				CLANG_WARN_BOOL_CONVERSION = YES;
				CLANG_WARN_CONSTANT_CONVERSION = YES;
				CLANG_WARN_DIRECT_OBJC_ISA_USAGE = YES_ERROR;
				CLANG_WARN_EMPTY_BODY = YES;
				CLANG_WARN_ENUM_CONVERSION = YES;
				CLANG_WARN_INT_CONVERSION = YES;
				CLANG_WARN_OBJC_ROOT_CLASS = YES_ERROR;
				CLANG_WARN__DUPLICATE_METHOD_MATCH = YES;
				"CODE_SIGN_IDENTITY[sdk=iphoneos*]" = "iPhone Developer";
				COPY_PHASE_STRIP = YES;
				ENABLE_NS_ASSERTIONS = NO;
				GCC_C_LANGUAGE_STANDARD = gnu99;
				GCC_WARN_64_TO_32_BIT_CONVERSION = YES;
				GCC_WARN_ABOUT_RETURN_TYPE = YES_ERROR;
				GCC_WARN_UNDECLARED_SELECTOR = YES;
				GCC_WARN_UNINITIALIZED_AUTOS = YES;
				GCC_WARN_UNUSED_FUNCTION = YES;
				GCC_WARN_UNUSED_VARIABLE = YES;
				IPHONEOS_DEPLOYMENT_TARGET = 7.0;
				SDKROOT = iphoneos;
				VALIDATE_PRODUCT = YES;
			};
			name = Release;
		};
		58B3ACB0193EA6660015AA9F /* Debug */ = {
			isa = XCBuildConfiguration;
			buildSettings = {
				ASSETCATALOG_COMPILER_APPICON_NAME = AppIcon;
				ASSETCATALOG_COMPILER_LAUNCHIMAGE_NAME = LaunchImage;
				GCC_PRECOMPILE_PREFIX_HEADER = YES;
				GCC_PREFIX_HEADER = "Teacher/Teacher-Prefix.pch";
				INFOPLIST_FILE = "Teacher/Teacher-Info.plist";
				PRODUCT_NAME = "$(TARGET_NAME)";
				WRAPPER_EXTENSION = app;
			};
			name = Debug;
		};
		58B3ACB1193EA6660015AA9F /* Release */ = {
			isa = XCBuildConfiguration;
			buildSettings = {
				ASSETCATALOG_COMPILER_APPICON_NAME = AppIcon;
				ASSETCATALOG_COMPILER_LAUNCHIMAGE_NAME = LaunchImage;
				GCC_PRECOMPILE_PREFIX_HEADER = YES;
				GCC_PREFIX_HEADER = "Teacher/Teacher-Prefix.pch";
				INFOPLIST_FILE = "Teacher/Teacher-Info.plist";
				PRODUCT_NAME = "$(TARGET_NAME)";
				WRAPPER_EXTENSION = app;
			};
			name = Release;
		};
		58B3ACB3193EA6660015AA9F /* Debug */ = {
			isa = XCBuildConfiguration;
			buildSettings = {
				ARCHS = "$(ARCHS_STANDARD_INCLUDING_64_BIT)";
				BUNDLE_LOADER = "$(BUILT_PRODUCTS_DIR)/Teacher.app/Teacher";
				FRAMEWORK_SEARCH_PATHS = (
					"$(SDKROOT)/Developer/Library/Frameworks",
					"$(inherited)",
					"$(DEVELOPER_FRAMEWORKS_DIR)",
				);
				GCC_PRECOMPILE_PREFIX_HEADER = YES;
				GCC_PREFIX_HEADER = "Teacher/Teacher-Prefix.pch";
				GCC_PREPROCESSOR_DEFINITIONS = (
					"DEBUG=1",
					"$(inherited)",
				);
				INFOPLIST_FILE = "TeacherTests/TeacherTests-Info.plist";
				PRODUCT_NAME = "$(TARGET_NAME)";
				TEST_HOST = "$(BUNDLE_LOADER)";
				WRAPPER_EXTENSION = xctest;
			};
			name = Debug;
		};
		58B3ACB4193EA6660015AA9F /* Release */ = {
			isa = XCBuildConfiguration;
			buildSettings = {
				ARCHS = "$(ARCHS_STANDARD_INCLUDING_64_BIT)";
				BUNDLE_LOADER = "$(BUILT_PRODUCTS_DIR)/Teacher.app/Teacher";
				FRAMEWORK_SEARCH_PATHS = (
					"$(SDKROOT)/Developer/Library/Frameworks",
					"$(inherited)",
					"$(DEVELOPER_FRAMEWORKS_DIR)",
				);
				GCC_PRECOMPILE_PREFIX_HEADER = YES;
				GCC_PREFIX_HEADER = "Teacher/Teacher-Prefix.pch";
				INFOPLIST_FILE = "TeacherTests/TeacherTests-Info.plist";
				PRODUCT_NAME = "$(TARGET_NAME)";
				TEST_HOST = "$(BUNDLE_LOADER)";
				WRAPPER_EXTENSION = xctest;
			};
			name = Release;
		};
/* End XCBuildConfiguration section */

/* Begin XCConfigurationList section */
		58B3AC78193EA6660015AA9F /* Build configuration list for PBXProject "Teacher" */ = {
			isa = XCConfigurationList;
			buildConfigurations = (
				58B3ACAD193EA6660015AA9F /* Debug */,
				58B3ACAE193EA6660015AA9F /* Release */,
			);
			defaultConfigurationIsVisible = 0;
			defaultConfigurationName = Release;
		};
		58B3ACAF193EA6660015AA9F /* Build configuration list for PBXNativeTarget "Teacher" */ = {
			isa = XCConfigurationList;
			buildConfigurations = (
				58B3ACB0193EA6660015AA9F /* Debug */,
				58B3ACB1193EA6660015AA9F /* Release */,
			);
			defaultConfigurationIsVisible = 0;
			defaultConfigurationName = Release;
		};
		58B3ACB2193EA6660015AA9F /* Build configuration list for PBXNativeTarget "TeacherTests" */ = {
			isa = XCConfigurationList;
			buildConfigurations = (
				58B3ACB3193EA6660015AA9F /* Debug */,
				58B3ACB4193EA6660015AA9F /* Release */,
			);
			defaultConfigurationIsVisible = 0;
			defaultConfigurationName = Release;
		};
/* End XCConfigurationList section */
	};
	rootObject = 58B3AC75193EA6660015AA9F /* Project object */;
}
